Microsoft Visual Studio Solution File, Format Version 12.00
# Visual Studio Version 17
VisualStudioVersion = 17.5.2.0
MinimumVisualStudioVersion = 10.0.40219.1
Project("{FAE04EC0-301F-11D3-BF4B-00C04F79EFBC}") = "Sessao2", "Sessao2.csproj", "{D57FDD98-8AA4-533B-0851-7B5CEDFA46A9}"
EndProject
Global
	GlobalSection(SolutionConfigurationPlatforms) = preSolution
		Debug|Any CPU = Debug|Any CPU
		Release|Any CPU = Release|Any CPU
	EndGlobalSection
	GlobalSection(ProjectConfigurationPlatforms) = postSolution
		{D57FDD98-8AA4-533B-0851-7B5CEDFA46A9}.Debug|Any CPU.ActiveCfg = Debug|Any CPU
		{D57FDD98-8AA4-533B-0851-7B5CEDFA46A9}.Debug|Any CPU.Build.0 = Debug|Any CPU
		{D57FDD98-8AA4-533B-0851-7B5CEDFA46A9}.Release|Any CPU.ActiveCfg = Release|Any CPU
		{D57FDD98-8AA4-533B-0851-7B5CEDFA46A9}.Release|Any CPU.Build.0 = Release|Any CPU
	EndGlobalSection
	GlobalSection(SolutionProperties) = preSolution
		HideSolutionNode = FALSE
	EndGlobalSection
	GlobalSection(ExtensibilityGlobals) = postSolution
		SolutionGuid = {189A1553-15AC-4A49-8914-4DAC71826B86}
	EndGlobalSection
EndGlobal
